
Microsoft Visual Studio Solution File, Format Version 12.00
# Visual Studio 15
VisualStudioVersion = 15.0.28010.2046
MinimumVisualStudioVersion = 10.0.40219.1
Project("{FAE04EC0-301F-11D3-BF4B-00C04F79EFBC}") = "NEDAW", "NEDAW\NEDAW.csproj", "{B181987A-BD99-4EF7-BE99-8DC97211358A}"
EndProject
Global
	GlobalSection(SolutionConfigurationPlatforms) = preSolution
		Debug|Any CPU = Debug|Any CPU
		Release|Any CPU = Release|Any CPU
	EndGlobalSection
	GlobalSection(ProjectConfigurationPlatforms) = postSolution
		{B181987A-BD99-4EF7-BE99-8DC97211358A}.Debug|Any CPU.ActiveCfg = Debug|Any CPU
		{B181987A-BD99-4EF7-BE99-8DC97211358A}.Debug|Any CPU.Build.0 = Debug|Any CPU
		{B181987A-BD99-4EF7-BE99-8DC97211358A}.Release|Any CPU.ActiveCfg = Release|Any CPU
		{B181987A-BD99-4EF7-BE99-8DC97211358A}.Release|Any CPU.Build.0 = Release|Any CPU
	EndGlobalSection
	GlobalSection(SolutionProperties) = preSolution
		HideSolutionNode = FALSE
	EndGlobalSection
	GlobalSection(ExtensibilityGlobals) = postSolution
		SolutionGuid = {012352F5-58B1-4B66-8152-5F02E9DC9616}
	EndGlobalSection
EndGlobal
